
Microsoft Visual Studio Solution File, Format Version 12.00
# Visual Studio 15
VisualStudioVersion = 15.0.26730.12
MinimumVisualStudioVersion = 10.0.40219.1
Project("{FAE04EC0-301F-11D3-BF4B-00C04F79EFBC}") = "CustomerStaApp", "CustomerStaApp\CustomerStaApp.csproj", "{B39D285C-7A76-4289-939A-43F8A32A8033}"
EndProject
Project("{FAE04EC0-301F-11D3-BF4B-00C04F79EFBC}") = "DAL", "DAL\DAL.csproj", "{4041C630-47FF-4925-B295-F34B55D5BA4D}"
EndProject
Global
	GlobalSection(SolutionConfigurationPlatforms) = preSolution
		Debug|Any CPU = Debug|Any CPU
		Release|Any CPU = Release|Any CPU
	EndGlobalSection
	GlobalSection(ProjectConfigurationPlatforms) = postSolution
		{B39D285C-7A76-4289-939A-43F8A32A8033}.Debug|Any CPU.ActiveCfg = Debug|Any CPU
		{B39D285C-7A76-4289-939A-43F8A32A8033}.Debug|Any CPU.Build.0 = Debug|Any CPU
		{B39D285C-7A76-4289-939A-43F8A32A8033}.Release|Any CPU.ActiveCfg = Release|Any CPU
		{B39D285C-7A76-4289-939A-43F8A32A8033}.Release|Any CPU.Build.0 = Release|Any CPU
		{4041C630-47FF-4925-B295-F34B55D5BA4D}.Debug|Any CPU.ActiveCfg = Debug|Any CPU
		{4041C630-47FF-4925-B295-F34B55D5BA4D}.Debug|Any CPU.Build.0 = Debug|Any CPU
		{4041C630-47FF-4925-B295-F34B55D5BA4D}.Release|Any CPU.ActiveCfg = Release|Any CPU
		{4041C630-47FF-4925-B295-F34B55D5BA4D}.Release|Any CPU.Build.0 = Release|Any CPU
	EndGlobalSection
	GlobalSection(SolutionProperties) = preSolution
		HideSolutionNode = FALSE
	EndGlobalSection
	GlobalSection(ExtensibilityGlobals) = postSolution
		SolutionGuid = {5E1CE6E5-7B87-4DCF-8C16-7CDFF9B36A35}
	EndGlobalSection
EndGlobal
